
Microsoft Visual Studio Solution File, Format Version 12.00
# Visual Studio Version 17
VisualStudioVersion = 17.10.35027.167
MinimumVisualStudioVersion = 10.0.40219.1
Project("{FAE04EC0-301F-11D3-BF4B-00C04F79EFBC}") = "FilmeAPI", "FilmeAPI\FilmeAPI.csproj", "{4D5232EA-314B-4F67-8D5B-AAF16D70A888}"
EndProject
Global
	GlobalSection(SolutionConfigurationPlatforms) = preSolution
		Debug|Any CPU = Debug|Any CPU
		Release|Any CPU = Release|Any CPU
	EndGlobalSection
	GlobalSection(ProjectConfigurationPlatforms) = postSolution
		{4D5232EA-314B-4F67-8D5B-AAF16D70A888}.Debug|Any CPU.ActiveCfg = Debug|Any CPU
		{4D5232EA-314B-4F67-8D5B-AAF16D70A888}.Debug|Any CPU.Build.0 = Debug|Any CPU
		{4D5232EA-314B-4F67-8D5B-AAF16D70A888}.Release|Any CPU.ActiveCfg = Release|Any CPU
		{4D5232EA-314B-4F67-8D5B-AAF16D70A888}.Release|Any CPU.Build.0 = Release|Any CPU
	EndGlobalSection
	GlobalSection(SolutionProperties) = preSolution
		HideSolutionNode = FALSE
	EndGlobalSection
	GlobalSection(ExtensibilityGlobals) = postSolution
		SolutionGuid = {3BA3BFE2-A2E7-4989-9B62-8EBC471E7ED7}
	EndGlobalSection
EndGlobal
